{
  "name": "cicd-git-tutorial",
  "version": "1.0.0",
  "lockfileVersion": 3,
  "requires": true,
  "packages": {
    "": {
      "name": "cicd-git-tutorial",
      "version": "1.0.0",
      "license": "ISC",
      "dependencies": {
        "@dataform/core": "^3.0.55"
      }
    },
    "node_modules/@dataform/core": {
      "version": "3.0.55",
      "resolved": "https://registry.npmjs.org/@dataform/core/-/core-3.0.55.tgz",
      "integrity": "sha512-b6iM4s9O7+ZxFdhmTifn0qlNhlOaRAPCutLLw7DpwVcQvMyqvPCtoIzQ0T8ZtFthPFKjRjiHOIR6U9uxBXxJbQ==",
      "license": "Apache-2.0"
    }
  }
}
